// !$*UTF8*$!
{
	archiveVersion = 1;
	classes = {
	};
	objectVersion = 46;
	objects = {

/* Begin PBXBuildFile section */
		3B4D48D11FD56B82004FBEF5 /* PayMentHUDViewController.m in Sources */ = {isa = PBXBuildFile; fileRef = 3B4D48D01FD56B82004FBEF5 /* PayMentHUDViewController.m */; };
		3B4D48D51FD56D6E004FBEF5 /* PaymentSuccessHUD.m in Sources */ = {isa = PBXBuildFile; fileRef = 3B4D48D41FD56D6E004FBEF5 /* PaymentSuccessHUD.m */; };
		472CC2A51EA3C57100970815 /* main.m in Sources */ = {isa = PBXBuildFile; fileRef = 472CC2A41EA3C57100970815 /* main.m */; };
		472CC2A81EA3C57100970815 /* AppDelegate.m in Sources */ = {isa = PBXBuildFile; fileRef = 472CC2A71EA3C57100970815 /* AppDelegate.m */; };
		472CC2AE1EA3C57100970815 /* Main.storyboard in Resources */ = {isa = PBXBuildFile; fileRef = 472CC2AC1EA3C57100970815 /* Main.storyboard */; };
		472CC2B01EA3C57100970815 /* Assets.xcassets in Resources */ = {isa = PBXBuildFile; fileRef = 472CC2AF1EA3C57100970815 /* Assets.xcassets */; };
		472CC2B31EA3C57100970815 /* LaunchScreen.storyboard in Resources */ = {isa = PBXBuildFile; fileRef = 472CC2B11EA3C57100970815 /* LaunchScreen.storyboard */; };
		472CC2BE1EA3C57100970815 /* DrawTriangleTests.m in Sources */ = {isa = PBXBuildFile; fileRef = 472CC2BD1EA3C57100970815 /* DrawTriangleTests.m */; };
		472CC2C91EA3C57100970815 /* DrawTriangleUITests.m in Sources */ = {isa = PBXBuildFile; fileRef = 472CC2C81EA3C57100970815 /* DrawTriangleUITests.m */; };
		472CC2D81EA3C7B500970815 /* MainViewController.m in Sources */ = {isa = PBXBuildFile; fileRef = 472CC2D71EA3C7B500970815 /* MainViewController.m */; };
		472CC2E31EA78D4300970815 /* DrawTriangleView.m in Sources */ = {isa = PBXBuildFile; fileRef = 472CC2E21EA78D4300970815 /* DrawTriangleView.m */; };
		472CC2EA1EA9FEA300970815 /* PopView.m in Sources */ = {isa = PBXBuildFile; fileRef = 472CC2E91EA9FEA300970815 /* PopView.m */; };
		472CC2F01EAE0F5900970815 /* DrawPolygonView.m in Sources */ = {isa = PBXBuildFile; fileRef = 472CC2EF1EAE0F5900970815 /* DrawPolygonView.m */; };
		472CC2FF1EAE229E00970815 /* DrawRectFiveViewController.m in Sources */ = {isa = PBXBuildFile; fileRef = 472CC2F61EAE229E00970815 /* DrawRectFiveViewController.m */; };
		472CC3001EAE229E00970815 /* DrawRectFourViewController.m in Sources */ = {isa = PBXBuildFile; fileRef = 472CC2F81EAE229E00970815 /* DrawRectFourViewController.m */; };
		472CC3011EAE229E00970815 /* DrawRectOneViewController.m in Sources */ = {isa = PBXBuildFile; fileRef = 472CC2FA1EAE229E00970815 /* DrawRectOneViewController.m */; };
		472CC3021EAE229E00970815 /* DrawRectThreeViewController.m in Sources */ = {isa = PBXBuildFile; fileRef = 472CC2FC1EAE229E00970815 /* DrawRectThreeViewController.m */; };
		472CC3031EAE229E00970815 /* DrawRectTwoViewController.m in Sources */ = {isa = PBXBuildFile; fileRef = 472CC2FE1EAE229E00970815 /* DrawRectTwoViewController.m */; };
		472CC3061EAF76C200970815 /* ArcToPointViewController.m in Sources */ = {isa = PBXBuildFile; fileRef = 472CC3051EAF76C200970815 /* ArcToPointViewController.m */; };
		472CC3091EB0945E00970815 /* MaskImageViewController.m in Sources */ = {isa = PBXBuildFile; fileRef = 472CC3081EB0945E00970815 /* MaskImageViewController.m */; };
		472CC30C1EB09DCA00970815 /* ShapedImageViewController.m in Sources */ = {isa = PBXBuildFile; fileRef = 472CC30B1EB09DCA00970815 /* ShapedImageViewController.m */; };
		472CC3101EB09E3800970815 /* ShapedImageView.m in Sources */ = {isa = PBXBuildFile; fileRef = 472CC30F1EB09E3800970815 /* ShapedImageView.m */; };
		BD1628ED2385699E007A057D /* MCCouponTagLabel.m in Sources */ = {isa = PBXBuildFile; fileRef = BD1628EC2385699E007A057D /* MCCouponTagLabel.m */; };
		BD1628F023859C04007A057D /* MCCouponTagViewController.m in Sources */ = {isa = PBXBuildFile; fileRef = BD1628EF23859C04007A057D /* MCCouponTagViewController.m */; };
/* End PBXBuildFile section */

/* Begin PBXContainerItemProxy section */
		472CC2BA1EA3C57100970815 /* PBXContainerItemProxy */ = {
			isa = PBXContainerItemProxy;
			containerPortal = 472CC2981EA3C57100970815 /* Project object */;
			proxyType = 1;
			remoteGlobalIDString = 472CC29F1EA3C57100970815;
			remoteInfo = DrawTriangle;
		};
		472CC2C51EA3C57100970815 /* PBXContainerItemProxy */ = {
			isa = PBXContainerItemProxy;
			containerPortal = 472CC2981EA3C57100970815 /* Project object */;
			proxyType = 1;
			remoteGlobalIDString = 472CC29F1EA3C57100970815;
			remoteInfo = DrawTriangle;
		};
/* End PBXContainerItemProxy section */

/* Begin PBXFileReference section */
		3B4D48CF1FD56B82004FBEF5 /* PayMentHUDViewController.h */ = {isa = PBXFileReference; lastKnownFileType = sourcecode.c.h; path = PayMentHUDViewController.h; sourceTree = "<group>"; };
		3B4D48D01FD56B82004FBEF5 /* PayMentHUDViewController.m */ = {isa = PBXFileReference; lastKnownFileType = sourcecode.c.objc; path = PayMentHUDViewController.m; sourceTree = "<group>"; };
		3B4D48D31FD56D6E004FBEF5 /* PaymentSuccessHUD.h */ = {isa = PBXFileReference; lastKnownFileType = sourcecode.c.h; path = PaymentSuccessHUD.h; sourceTree = "<group>"; };
		3B4D48D41FD56D6E004FBEF5 /* PaymentSuccessHUD.m */ = {isa = PBXFileReference; lastKnownFileType = sourcecode.c.objc; path = PaymentSuccessHUD.m; sourceTree = "<group>"; };
		472CC2A01EA3C57100970815 /* DrawTriangle.app */ = {isa = PBXFileReference; explicitFileType = wrapper.application; includeInIndex = 0; path = DrawTriangle.app; sourceTree = BUILT_PRODUCTS_DIR; };
		472CC2A41EA3C57100970815 /* main.m */ = {isa = PBXFileReference; lastKnownFileType = sourcecode.c.objc; path = main.m; sourceTree = "<group>"; };
		472CC2A61EA3C57100970815 /* AppDelegate.h */ = {isa = PBXFileReference; lastKnownFileType = sourcecode.c.h; path = AppDelegate.h; sourceTree = "<group>"; };
		472CC2A71EA3C57100970815 /* AppDelegate.m */ = {isa = PBXFileReference; lastKnownFileType = sourcecode.c.objc; path = AppDelegate.m; sourceTree = "<group>"; };
		472CC2AD1EA3C57100970815 /* Base */ = {isa = PBXFileReference; lastKnownFileType = file.storyboard; name = Base; path = Base.lproj/Main.storyboard; sourceTree = "<group>"; };
		472CC2AF1EA3C57100970815 /* Assets.xcassets */ = {isa = PBXFileReference; lastKnownFileType = folder.assetcatalog; path = Assets.xcassets; sourceTree = "<group>"; };
		472CC2B21EA3C57100970815 /* Base */ = {isa = PBXFileReference; lastKnownFileType = file.storyboard; name = Base; path = Base.lproj/LaunchScreen.storyboard; sourceTree = "<group>"; };
		472CC2B41EA3C57100970815 /* Info.plist */ = {isa = PBXFileReference; lastKnownFileType = text.plist.xml; path = Info.plist; sourceTree = "<group>"; };
		472CC2B91EA3C57100970815 /* DrawTriangleTests.xctest */ = {isa = PBXFileReference; explicitFileType = wrapper.cfbundle; includeInIndex = 0; path = DrawTriangleTests.xctest; sourceTree = BUILT_PRODUCTS_DIR; };
		472CC2BD1EA3C57100970815 /* DrawTriangleTests.m */ = {isa = PBXFileReference; lastKnownFileType = sourcecode.c.objc; path = DrawTriangleTests.m; sourceTree = "<group>"; };
		472CC2BF1EA3C57100970815 /* Info.plist */ = {isa = PBXFileReference; lastKnownFileType = text.plist.xml; path = Info.plist; sourceTree = "<group>"; };
		472CC2C41EA3C57100970815 /* DrawTriangleUITests.xctest */ = {isa = PBXFileReference; explicitFileType = wrapper.cfbundle; includeInIndex = 0; path = DrawTriangleUITests.xctest; sourceTree = BUILT_PRODUCTS_DIR; };
		472CC2C81EA3C57100970815 /* DrawTriangleUITests.m */ = {isa = PBXFileReference; lastKnownFileType = sourcecode.c.objc; path = DrawTriangleUITests.m; sourceTree = "<group>"; };
		472CC2CA1EA3C57100970815 /* Info.plist */ = {isa = PBXFileReference; lastKnownFileType = text.plist.xml; path = Info.plist; sourceTree = "<group>"; };
		472CC2D61EA3C7B500970815 /* MainViewController.h */ = {isa = PBXFileReference; fileEncoding = 4; lastKnownFileType = sourcecode.c.h; path = MainViewController.h; sourceTree = "<group>"; };
		472CC2D71EA3C7B500970815 /* MainViewController.m */ = {isa = PBXFileReference; fileEncoding = 4; lastKnownFileType = sourcecode.c.objc; path = MainViewController.m; sourceTree = "<group>"; };
		472CC2DC1EA78A3700970815 /* DrawTriangle.pch */ = {isa = PBXFileReference; lastKnownFileType = sourcecode.c.h; path = DrawTriangle.pch; sourceTree = "<group>"; };
		472CC2E11EA78D4300970815 /* DrawTriangleView.h */ = {isa = PBXFileReference; fileEncoding = 4; lastKnownFileType = sourcecode.c.h; path = DrawTriangleView.h; sourceTree = "<group>"; };
		472CC2E21EA78D4300970815 /* DrawTriangleView.m */ = {isa = PBXFileReference; fileEncoding = 4; lastKnownFileType = sourcecode.c.objc; path = DrawTriangleView.m; sourceTree = "<group>"; };
		472CC2E81EA9FEA300970815 /* PopView.h */ = {isa = PBXFileReference; fileEncoding = 4; lastKnownFileType = sourcecode.c.h; path = PopView.h; sourceTree = "<group>"; };
		472CC2E91EA9FEA300970815 /* PopView.m */ = {isa = PBXFileReference; fileEncoding = 4; lastKnownFileType = sourcecode.c.objc; path = PopView.m; sourceTree = "<group>"; };
		472CC2EE1EAE0F5900970815 /* DrawPolygonView.h */ = {isa = PBXFileReference; fileEncoding = 4; lastKnownFileType = sourcecode.c.h; path = DrawPolygonView.h; sourceTree = "<group>"; };
		472CC2EF1EAE0F5900970815 /* DrawPolygonView.m */ = {isa = PBXFileReference; fileEncoding = 4; lastKnownFileType = sourcecode.c.objc; path = DrawPolygonView.m; sourceTree = "<group>"; };
		472CC2F51EAE229E00970815 /* DrawRectFiveViewController.h */ = {isa = PBXFileReference; fileEncoding = 4; lastKnownFileType = sourcecode.c.h; path = DrawRectFiveViewController.h; sourceTree = "<group>"; };
		472CC2F61EAE229E00970815 /* DrawRectFiveViewController.m */ = {isa = PBXFileReference; fileEncoding = 4; lastKnownFileType = sourcecode.c.objc; path = DrawRectFiveViewController.m; sourceTree = "<group>"; };
		472CC2F71EAE229E00970815 /* DrawRectFourViewController.h */ = {isa = PBXFileReference; fileEncoding = 4; lastKnownFileType = sourcecode.c.h; path = DrawRectFourViewController.h; sourceTree = "<group>"; };
		472CC2F81EAE229E00970815 /* DrawRectFourViewController.m */ = {isa = PBXFileReference; fileEncoding = 4; lastKnownFileType = sourcecode.c.objc; path = DrawRectFourViewController.m; sourceTree = "<group>"; };
		472CC2F91EAE229E00970815 /* DrawRectOneViewController.h */ = {isa = PBXFileReference; fileEncoding = 4; lastKnownFileType = sourcecode.c.h; path = DrawRectOneViewController.h; sourceTree = "<group>"; };
		472CC2FA1EAE229E00970815 /* DrawRectOneViewController.m */ = {isa = PBXFileReference; fileEncoding = 4; lastKnownFileType = sourcecode.c.objc; path = DrawRectOneViewController.m; sourceTree = "<group>"; };
		472CC2FB1EAE229E00970815 /* DrawRectThreeViewController.h */ = {isa = PBXFileReference; fileEncoding = 4; lastKnownFileType = sourcecode.c.h; path = DrawRectThreeViewController.h; sourceTree = "<group>"; };
		472CC2FC1EAE229E00970815 /* DrawRectThreeViewController.m */ = {isa = PBXFileReference; fileEncoding = 4; lastKnownFileType = sourcecode.c.objc; path = DrawRectThreeViewController.m; sourceTree = "<group>"; };
		472CC2FD1EAE229E00970815 /* DrawRectTwoViewController.h */ = {isa = PBXFileReference; fileEncoding = 4; lastKnownFileType = sourcecode.c.h; path = DrawRectTwoViewController.h; sourceTree = "<group>"; };
		472CC2FE1EAE229E00970815 /* DrawRectTwoViewController.m */ = {isa = PBXFileReference; fileEncoding = 4; lastKnownFileType = sourcecode.c.objc; path = DrawRectTwoViewController.m; sourceTree = "<group>"; };
		472CC3041EAF76C200970815 /* ArcToPointViewController.h */ = {isa = PBXFileReference; fileEncoding = 4; lastKnownFileType = sourcecode.c.h; path = ArcToPointViewController.h; sourceTree = "<group>"; };
		472CC3051EAF76C200970815 /* ArcToPointViewController.m */ = {isa = PBXFileReference; fileEncoding = 4; lastKnownFileType = sourcecode.c.objc; path = ArcToPointViewController.m; sourceTree = "<group>"; };
		472CC3071EB0945E00970815 /* MaskImageViewController.h */ = {isa = PBXFileReference; fileEncoding = 4; lastKnownFileType = sourcecode.c.h; path = MaskImageViewController.h; sourceTree = "<group>"; };
		472CC3081EB0945E00970815 /* MaskImageViewController.m */ = {isa = PBXFileReference; fileEncoding = 4; lastKnownFileType = sourcecode.c.objc; path = MaskImageViewController.m; sourceTree = "<group>"; };
		472CC30A1EB09DCA00970815 /* ShapedImageViewController.h */ = {isa = PBXFileReference; fileEncoding = 4; lastKnownFileType = sourcecode.c.h; path = ShapedImageViewController.h; sourceTree = "<group>"; };
		472CC30B1EB09DCA00970815 /* ShapedImageViewController.m */ = {isa = PBXFileReference; fileEncoding = 4; lastKnownFileType = sourcecode.c.objc; path = ShapedImageViewController.m; sourceTree = "<group>"; };
		472CC30E1EB09E3800970815 /* ShapedImageView.h */ = {isa = PBXFileReference; fileEncoding = 4; lastKnownFileType = sourcecode.c.h; path = ShapedImageView.h; sourceTree = "<group>"; };
		472CC30F1EB09E3800970815 /* ShapedImageView.m */ = {isa = PBXFileReference; fileEncoding = 4; lastKnownFileType = sourcecode.c.objc; path = ShapedImageView.m; sourceTree = "<group>"; };
		BD1628EB2385699E007A057D /* MCCouponTagLabel.h */ = {isa = PBXFileReference; lastKnownFileType = sourcecode.c.h; path = MCCouponTagLabel.h; sourceTree = "<group>"; };
		BD1628EC2385699E007A057D /* MCCouponTagLabel.m */ = {isa = PBXFileReference; lastKnownFileType = sourcecode.c.objc; path = MCCouponTagLabel.m; sourceTree = "<group>"; };
		BD1628EE23859C04007A057D /* MCCouponTagViewController.h */ = {isa = PBXFileReference; lastKnownFileType = sourcecode.c.h; path = MCCouponTagViewController.h; sourceTree = "<group>"; };
		BD1628EF23859C04007A057D /* MCCouponTagViewController.m */ = {isa = PBXFileReference; lastKnownFileType = sourcecode.c.objc; path = MCCouponTagViewController.m; sourceTree = "<group>"; };
/* End PBXFileReference section */

/* Begin PBXFrameworksBuildPhase section */
		472CC29D1EA3C57100970815 /* Frameworks */ = {
			isa = PBXFrameworksBuildPhase;
			buildActionMask = 2147483647;
			files = (
			);
			runOnlyForDeploymentPostprocessing = 0;
		};
		472CC2B61EA3C57100970815 /* Frameworks */ = {
			isa = PBXFrameworksBuildPhase;
			buildActionMask = 2147483647;
			files = (
			);
			runOnlyForDeploymentPostprocessing = 0;
		};
		472CC2C11EA3C57100970815 /* Frameworks */ = {
			isa = PBXFrameworksBuildPhase;
			buildActionMask = 2147483647;
			files = (
			);
			runOnlyForDeploymentPostprocessing = 0;
		};
/* End PBXFrameworksBuildPhase section */

/* Begin PBXGroup section */
		3B4D48D21FD56D3F004FBEF5 /* AnimationView */ = {
			isa = PBXGroup;
			children = (
				3B4D48D31FD56D6E004FBEF5 /* PaymentSuccessHUD.h */,
				3B4D48D41FD56D6E004FBEF5 /* PaymentSuccessHUD.m */,
			);
			path = AnimationView;
			sourceTree = "<group>";
		};
		472CC2971EA3C57100970815 = {
			isa = PBXGroup;
			children = (
				472CC2A21EA3C57100970815 /* DrawTriangle */,
				472CC2BC1EA3C57100970815 /* DrawTriangleTests */,
				472CC2C71EA3C57100970815 /* DrawTriangleUITests */,
				472CC2A11EA3C57100970815 /* Products */,
			);
			sourceTree = "<group>";
		};
		472CC2A11EA3C57100970815 /* Products */ = {
			isa = PBXGroup;
			children = (
				472CC2A01EA3C57100970815 /* DrawTriangle.app */,
				472CC2B91EA3C57100970815 /* DrawTriangleTests.xctest */,
				472CC2C41EA3C57100970815 /* DrawTriangleUITests.xctest */,
			);
			name = Products;
			sourceTree = "<group>";
		};
		472CC2A21EA3C57100970815 /* DrawTriangle */ = {
			isa = PBXGroup;
			children = (
				472CC30D1EB09E1F00970815 /* ShapedImage */,
				472CC2F41EAE229E00970815 /* DrawRectVC */,
				472CC2E71EA9FE7F00970815 /* PopView */,
				3B4D48D21FD56D3F004FBEF5 /* AnimationView */,
				472CC2E01EA78D1500970815 /* DrawRectView */,
				472CC2A61EA3C57100970815 /* AppDelegate.h */,
				472CC2A71EA3C57100970815 /* AppDelegate.m */,
				472CC2D61EA3C7B500970815 /* MainViewController.h */,
				472CC2D71EA3C7B500970815 /* MainViewController.m */,
				472CC2AC1EA3C57100970815 /* Main.storyboard */,
				472CC2AF1EA3C57100970815 /* Assets.xcassets */,
				472CC2B11EA3C57100970815 /* LaunchScreen.storyboard */,
				472CC2B41EA3C57100970815 /* Info.plist */,
				472CC2A31EA3C57100970815 /* Supporting Files */,
				BD1628EB2385699E007A057D /* MCCouponTagLabel.h */,
				BD1628EC2385699E007A057D /* MCCouponTagLabel.m */,
			);
			path = DrawTriangle;
			sourceTree = "<group>";
		};
		472CC2A31EA3C57100970815 /* Supporting Files */ = {
			isa = PBXGroup;
			children = (
				472CC2A41EA3C57100970815 /* main.m */,
				472CC2DC1EA78A3700970815 /* DrawTriangle.pch */,
			);
			name = "Supporting Files";
			sourceTree = "<group>";
		};
		472CC2BC1EA3C57100970815 /* DrawTriangleTests */ = {
			isa = PBXGroup;
			children = (
				472CC2BD1EA3C57100970815 /* DrawTriangleTests.m */,
				472CC2BF1EA3C57100970815 /* Info.plist */,
			);
			path = DrawTriangleTests;
			sourceTree = "<group>";
		};
		472CC2C71EA3C57100970815 /* DrawTriangleUITests */ = {
			isa = PBXGroup;
			children = (
				472CC2C81EA3C57100970815 /* DrawTriangleUITests.m */,
				472CC2CA1EA3C57100970815 /* Info.plist */,
			);
			path = DrawTriangleUITests;
			sourceTree = "<group>";
		};
		472CC2E01EA78D1500970815 /* DrawRectView */ = {
			isa = PBXGroup;
			children = (
				472CC2E11EA78D4300970815 /* DrawTriangleView.h */,
				472CC2E21EA78D4300970815 /* DrawTriangleView.m */,
				472CC2EE1EAE0F5900970815 /* DrawPolygonView.h */,
				472CC2EF1EAE0F5900970815 /* DrawPolygonView.m */,
			);
			path = DrawRectView;
			sourceTree = "<group>";
		};
		472CC2E71EA9FE7F00970815 /* PopView */ = {
			isa = PBXGroup;
			children = (
				472CC2E81EA9FEA300970815 /* PopView.h */,
				472CC2E91EA9FEA300970815 /* PopView.m */,
			);
			path = PopView;
			sourceTree = "<group>";
		};
		472CC2F41EAE229E00970815 /* DrawRectVC */ = {
			isa = PBXGroup;
			children = (
				472CC2F51EAE229E00970815 /* DrawRectFiveViewController.h */,
				472CC2F61EAE229E00970815 /* DrawRectFiveViewController.m */,
				472CC2F71EAE229E00970815 /* DrawRectFourViewController.h */,
				472CC2F81EAE229E00970815 /* DrawRectFourViewController.m */,
				472CC2F91EAE229E00970815 /* DrawRectOneViewController.h */,
				472CC2FA1EAE229E00970815 /* DrawRectOneViewController.m */,
				472CC2FB1EAE229E00970815 /* DrawRectThreeViewController.h */,
				472CC2FC1EAE229E00970815 /* DrawRectThreeViewController.m */,
				472CC2FD1EAE229E00970815 /* DrawRectTwoViewController.h */,
				472CC2FE1EAE229E00970815 /* DrawRectTwoViewController.m */,
				472CC3041EAF76C200970815 /* ArcToPointViewController.h */,
				472CC3051EAF76C200970815 /* ArcToPointViewController.m */,
				472CC3071EB0945E00970815 /* MaskImageViewController.h */,
				472CC3081EB0945E00970815 /* MaskImageViewController.m */,
				472CC30A1EB09DCA00970815 /* ShapedImageViewController.h */,
				472CC30B1EB09DCA00970815 /* ShapedImageViewController.m */,
				3B4D48CF1FD56B82004FBEF5 /* PayMentHUDViewController.h */,
				3B4D48D01FD56B82004FBEF5 /* PayMentHUDViewController.m */,
				BD1628EE23859C04007A057D /* MCCouponTagViewController.h */,
				BD1628EF23859C04007A057D /* MCCouponTagViewController.m */,
			);
			path = DrawRectVC;
			sourceTree = "<group>";
		};
		472CC30D1EB09E1F00970815 /* ShapedImage */ = {
			isa = PBXGroup;
			children = (
				472CC30E1EB09E3800970815 /* ShapedImageView.h */,
				472CC30F1EB09E3800970815 /* ShapedImageView.m */,
			);
			path = ShapedImage;
			sourceTree = "<group>";
		};
/* End PBXGroup section */

/* Begin PBXNativeTarget section */
		472CC29F1EA3C57100970815 /* DrawTriangle */ = {
			isa = PBXNativeTarget;
			buildConfigurationList = 472CC2CD1EA3C57100970815 /* Build configuration list for PBXNativeTarget "DrawTriangle" */;
			buildPhases = (
				472CC29C1EA3C57100970815 /* Sources */,
				472CC29D1EA3C57100970815 /* Frameworks */,
				472CC29E1EA3C57100970815 /* Resources */,
			);
			buildRules = (
			);
			dependencies = (
			);
			name = DrawTriangle;
			productName = DrawTriangle;
			productReference = 472CC2A01EA3C57100970815 /* DrawTriangle.app */;
			productType = "com.apple.product-type.application";
		};
		472CC2B81EA3C57100970815 /* DrawTriangleTests */ = {
			isa = PBXNativeTarget;
			buildConfigurationList = 472CC2D01EA3C57100970815 /* Build configuration list for PBXNativeTarget "DrawTriangleTests" */;
			buildPhases = (
				472CC2B51EA3C57100970815 /* Sources */,
				472CC2B61EA3C57100970815 /* Frameworks */,
				472CC2B71EA3C57100970815 /* Resources */,
			);
			buildRules = (
			);
			dependencies = (
				472CC2BB1EA3C57100970815 /* PBXTargetDependency */,
			);
			name = DrawTriangleTests;
			productName = DrawTriangleTests;
			productReference = 472CC2B91EA3C57100970815 /* DrawTriangleTests.xctest */;
			productType = "com.apple.product-type.bundle.unit-test";
		};
		472CC2C31EA3C57100970815 /* DrawTriangleUITests */ = {
			isa = PBXNativeTarget;
			buildConfigurationList = 472CC2D31EA3C57100970815 /* Build configuration list for PBXNativeTarget "DrawTriangleUITests" */;
			buildPhases = (
				472CC2C01EA3C57100970815 /* Sources */,
				472CC2C11EA3C57100970815 /* Frameworks */,
				472CC2C21EA3C57100970815 /* Resources */,
			);
			buildRules = (
			);
			dependencies = (
				472CC2C61EA3C57100970815 /* PBXTargetDependency */,
			);
			name = DrawTriangleUITests;
			productName = DrawTriangleUITests;
			productReference = 472CC2C41EA3C57100970815 /* DrawTriangleUITests.xctest */;
			productType = "com.apple.product-type.bundle.ui-testing";
		};
/* End PBXNativeTarget section */

/* Begin PBXProject section */
		472CC2981EA3C57100970815 /* Project object */ = {
			isa = PBXProject;
			attributes = {
				LastUpgradeCheck = 0830;
				ORGANIZATIONNAME = "Peng he";
				TargetAttributes = {
					472CC29F1EA3C57100970815 = {
						CreatedOnToolsVersion = 8.3;
						DevelopmentTeam = TPXMNBN2HM;
						ProvisioningStyle = Automatic;
					};
					472CC2B81EA3C57100970815 = {
						CreatedOnToolsVersion = 8.3;
						DevelopmentTeam = TPXMNBN2HM;
						ProvisioningStyle = Automatic;
						TestTargetID = 472CC29F1EA3C57100970815;
					};
					472CC2C31EA3C57100970815 = {
						CreatedOnToolsVersion = 8.3;
						DevelopmentTeam = TPXMNBN2HM;
						ProvisioningStyle = Automatic;
						TestTargetID = 472CC29F1EA3C57100970815;
					};
				};
			};
			buildConfigurationList = 472CC29B1EA3C57100970815 /* Build configuration list for PBXProject "DrawTriangle" */;
			compatibilityVersion = "Xcode 3.2";
			developmentRegion = English;
			hasScannedForEncodings = 0;
			knownRegions = (
				English,
				en,
				Base,
			);
			mainGroup = 472CC2971EA3C57100970815;
			productRefGroup = 472CC2A11EA3C57100970815 /* Products */;
			projectDirPath = "";
			projectRoot = "";
			targets = (
				472CC29F1EA3C57100970815 /* DrawTriangle */,
				472CC2B81EA3C57100970815 /* DrawTriangleTests */,
				472CC2C31EA3C57100970815 /* DrawTriangleUITests */,
			);
		};
/* End PBXProject section */

/* Begin PBXResourcesBuildPhase section */
		472CC29E1EA3C57100970815 /* Resources */ = {
			isa = PBXResourcesBuildPhase;
			buildActionMask = 2147483647;
			files = (
				472CC2B31EA3C57100970815 /* LaunchScreen.storyboard in Resources */,
				472CC2B01EA3C57100970815 /* Assets.xcassets in Resources */,
				472CC2AE1EA3C57100970815 /* Main.storyboard in Resources */,
			);
			runOnlyForDeploymentPostprocessing = 0;
		};
		472CC2B71EA3C57100970815 /* Resources */ = {
			isa = PBXResourcesBuildPhase;
			buildActionMask = 2147483647;
			files = (
			);
			runOnlyForDeploymentPostprocessing = 0;
		};
		472CC2C21EA3C57100970815 /* Resources */ = {
			isa = PBXResourcesBuildPhase;
			buildActionMask = 2147483647;
			files = (
			);
			runOnlyForDeploymentPostprocessing = 0;
		};
/* End PBXResourcesBuildPhase section */

/* Begin PBXSourcesBuildPhase section */
		472CC29C1EA3C57100970815 /* Sources */ = {
			isa = PBXSourcesBuildPhase;
			buildActionMask = 2147483647;
			files = (
				472CC2E31EA78D4300970815 /* DrawTriangleView.m in Sources */,
				3B4D48D51FD56D6E004FBEF5 /* PaymentSuccessHUD.m in Sources */,
				472CC30C1EB09DCA00970815 /* ShapedImageViewController.m in Sources */,
				472CC3031EAE229E00970815 /* DrawRectTwoViewController.m in Sources */,
				3B4D48D11FD56B82004FBEF5 /* PayMentHUDViewController.m in Sources */,
				472CC2FF1EAE229E00970815 /* DrawRectFiveViewController.m in Sources */,
				472CC2A81EA3C57100970815 /* AppDelegate.m in Sources */,
				472CC3091EB0945E00970815 /* MaskImageViewController.m in Sources */,
				472CC2F01EAE0F5900970815 /* DrawPolygonView.m in Sources */,
				472CC2A51EA3C57100970815 /* main.m in Sources */,
				472CC2D81EA3C7B500970815 /* MainViewController.m in Sources */,
				472CC3101EB09E3800970815 /* ShapedImageView.m in Sources */,
				472CC3061EAF76C200970815 /* ArcToPointViewController.m in Sources */,
				472CC3001EAE229E00970815 /* DrawRectFourViewController.m in Sources */,
				472CC3021EAE229E00970815 /* DrawRectThreeViewController.m in Sources */,
				472CC3011EAE229E00970815 /* DrawRectOneViewController.m in Sources */,
				BD1628F023859C04007A057D /* MCCouponTagViewController.m in Sources */,
				472CC2EA1EA9FEA300970815 /* PopView.m in Sources */,
				BD1628ED2385699E007A057D /* MCCouponTagLabel.m in Sources */,
			);
			runOnlyForDeploymentPostprocessing = 0;
		};
		472CC2B51EA3C57100970815 /* Sources */ = {
			isa = PBXSourcesBuildPhase;
			buildActionMask = 2147483647;
			files = (
				472CC2BE1EA3C57100970815 /* DrawTriangleTests.m in Sources */,
			);
			runOnlyForDeploymentPostprocessing = 0;
		};
		472CC2C01EA3C57100970815 /* Sources */ = {
			isa = PBXSourcesBuildPhase;
			buildActionMask = 2147483647;
			files = (
				472CC2C91EA3C57100970815 /* DrawTriangleUITests.m in Sources */,
			);
			runOnlyForDeploymentPostprocessing = 0;
		};
/* End PBXSourcesBuildPhase section */

/* Begin PBXTargetDependency section */
		472CC2BB1EA3C57100970815 /* PBXTargetDependency */ = {
			isa = PBXTargetDependency;
			target = 472CC29F1EA3C57100970815 /* DrawTriangle */;
			targetProxy = 472CC2BA1EA3C57100970815 /* PBXContainerItemProxy */;
		};
		472CC2C61EA3C57100970815 /* PBXTargetDependency */ = {
			isa = PBXTargetDependency;
			target = 472CC29F1EA3C57100970815 /* DrawTriangle */;
			targetProxy = 472CC2C51EA3C57100970815 /* PBXContainerItemProxy */;
		};
/* End PBXTargetDependency section */

/* Begin PBXVariantGroup section */
		472CC2AC1EA3C57100970815 /* Main.storyboard */ = {
			isa = PBXVariantGroup;
			children = (
				472CC2AD1EA3C57100970815 /* Base */,
			);
			name = Main.storyboard;
			sourceTree = "<group>";
		};
		472CC2B11EA3C57100970815 /* LaunchScreen.storyboard */ = {
			isa = PBXVariantGroup;
			children = (
				472CC2B21EA3C57100970815 /* Base */,
			);
			name = LaunchScreen.storyboard;
			sourceTree = "<group>";
		};
/* End PBXVariantGroup section */

/* Begin XCBuildConfiguration section */
		472CC2CB1EA3C57100970815 /* Debug */ = {
			isa = XCBuildConfiguration;
			buildSettings = {
				ALWAYS_SEARCH_USER_PATHS = NO;
				CLANG_ANALYZER_NONNULL = YES;
				CLANG_ANALYZER_NUMBER_OBJECT_CONVERSION = YES_AGGRESSIVE;
				CLANG_CXX_LANGUAGE_STANDARD = "gnu++0x";
				CLANG_CXX_LIBRARY = "libc++";
				CLANG_ENABLE_MODULES = YES;
				CLANG_ENABLE_OBJC_ARC = YES;
				CLANG_WARN_BOOL_CONVERSION = YES;
				CLANG_WARN_CONSTANT_CONVERSION = YES;
				CLANG_WARN_DIRECT_OBJC_ISA_USAGE = YES_ERROR;
				CLANG_WARN_DOCUMENTATION_COMMENTS = YES;
				CLANG_WARN_EMPTY_BODY = YES;
				CLANG_WARN_ENUM_CONVERSION = YES;
				CLANG_WARN_INFINITE_RECURSION = YES;
				CLANG_WARN_INT_CONVERSION = YES;
				CLANG_WARN_OBJC_ROOT_CLASS = YES_ERROR;
				CLANG_WARN_SUSPICIOUS_MOVE = YES;
				CLANG_WARN_UNREACHABLE_CODE = YES;
				CLANG_WARN__DUPLICATE_METHOD_MATCH = YES;
				"CODE_SIGN_IDENTITY[sdk=iphoneos*]" = "iPhone Developer";
				COPY_PHASE_STRIP = NO;
				DEBUG_INFORMATION_FORMAT = dwarf;
				ENABLE_STRICT_OBJC_MSGSEND = YES;
				ENABLE_TESTABILITY = YES;
				GCC_C_LANGUAGE_STANDARD = gnu99;
				GCC_DYNAMIC_NO_PIC = NO;
				GCC_NO_COMMON_BLOCKS = YES;
				GCC_OPTIMIZATION_LEVEL = 0;
				GCC_PREPROCESSOR_DEFINITIONS = (
					"DEBUG=1",
					"$(inherited)",
				);
				GCC_WARN_64_TO_32_BIT_CONVERSION = YES;
				GCC_WARN_ABOUT_RETURN_TYPE = YES_ERROR;
				GCC_WARN_UNDECLARED_SELECTOR = YES;
				GCC_WARN_UNINITIALIZED_AUTOS = YES_AGGRESSIVE;
				GCC_WARN_UNUSED_FUNCTION = YES;
				GCC_WARN_UNUSED_VARIABLE = YES;
				IPHONEOS_DEPLOYMENT_TARGET = 10.3;
				MTL_ENABLE_DEBUG_INFO = YES;
				ONLY_ACTIVE_ARCH = YES;
				SDKROOT = iphoneos;
			};
			name = Debug;
		};
		472CC2CC1EA3C57100970815 /* Release */ = {
			isa = XCBuildConfiguration;
			buildSettings = {
				ALWAYS_SEARCH_USER_PATHS = NO;
				CLANG_ANALYZER_NONNULL = YES;
				CLANG_ANALYZER_NUMBER_OBJECT_CONVERSION = YES_AGGRESSIVE;
				CLANG_CXX_LANGUAGE_STANDARD = "gnu++0x";
				CLANG_CXX_LIBRARY = "libc++";
				CLANG_ENABLE_MODULES = YES;
				CLANG_ENABLE_OBJC_ARC = YES;
				CLANG_WARN_BOOL_CONVERSION = YES;
				CLANG_WARN_CONSTANT_CONVERSION = YES;
				CLANG_WARN_DIRECT_OBJC_ISA_USAGE = YES_ERROR;
				CLANG_WARN_DOCUMENTATION_COMMENTS = YES;
				CLANG_WARN_EMPTY_BODY = YES;
				CLANG_WARN_ENUM_CONVERSION = YES;
				CLANG_WARN_INFINITE_RECURSION = YES;
				CLANG_WARN_INT_CONVERSION = YES;
				CLANG_WARN_OBJC_ROOT_CLASS = YES_ERROR;
				CLANG_WARN_SUSPICIOUS_MOVE = YES;
				CLANG_WARN_UNREACHABLE_CODE = YES;
				CLANG_WARN__DUPLICATE_METHOD_MATCH = YES;
				"CODE_SIGN_IDENTITY[sdk=iphoneos*]" = "iPhone Developer";
				COPY_PHASE_STRIP = NO;
				DEBUG_INFORMATION_FORMAT = "dwarf-with-dsym";
				ENABLE_NS_ASSERTIONS = NO;
				ENABLE_STRICT_OBJC_MSGSEND = YES;
				GCC_C_LANGUAGE_STANDARD = gnu99;
				GCC_NO_COMMON_BLOCKS = YES;
				GCC_WARN_64_TO_32_BIT_CONVERSION = YES;
				GCC_WARN_ABOUT_RETURN_TYPE = YES_ERROR;
				GCC_WARN_UNDECLARED_SELECTOR = YES;
				GCC_WARN_UNINITIALIZED_AUTOS = YES_AGGRESSIVE;
				GCC_WARN_UNUSED_FUNCTION = YES;
				GCC_WARN_UNUSED_VARIABLE = YES;
				IPHONEOS_DEPLOYMENT_TARGET = 10.3;
				MTL_ENABLE_DEBUG_INFO = NO;
				SDKROOT = iphoneos;
				VALIDATE_PRODUCT = YES;
			};
			name = Release;
		};
		472CC2CE1EA3C57100970815 /* Debug */ = {
			isa = XCBuildConfiguration;
			buildSettings = {
				ASSETCATALOG_COMPILER_APPICON_NAME = AppIcon;
				DEVELOPMENT_TEAM = TPXMNBN2HM;
				GCC_PREFIX_HEADER = "$(SRCROOT)/DrawTriangle/DrawTriangle.pch";
				INFOPLIST_FILE = DrawTriangle/Info.plist;
				IPHONEOS_DEPLOYMENT_TARGET = 8.0;
				LD_RUNPATH_SEARCH_PATHS = "$(inherited) @executable_path/Frameworks";
				PRODUCT_BUNDLE_IDENTIFIER = com.lonch.DrawTriangle;
				PRODUCT_NAME = "$(TARGET_NAME)";
			};
			name = Debug;
		};
		472CC2CF1EA3C57100970815 /* Release */ = {
			isa = XCBuildConfiguration;
			buildSettings = {
				ASSETCATALOG_COMPILER_APPICON_NAME = AppIcon;
				DEVELOPMENT_TEAM = TPXMNBN2HM;
				GCC_PREFIX_HEADER = "$(SRCROOT)/DrawTriangle/DrawTriangle.pch";
				INFOPLIST_FILE = DrawTriangle/Info.plist;
				IPHONEOS_DEPLOYMENT_TARGET = 8.0;
				LD_RUNPATH_SEARCH_PATHS = "$(inherited) @executable_path/Frameworks";
				PRODUCT_BUNDLE_IDENTIFIER = com.lonch.DrawTriangle;
				PRODUCT_NAME = "$(TARGET_NAME)";
			};
			name = Release;
		};
		472CC2D11EA3C57100970815 /* Debug */ = {
			isa = XCBuildConfiguration;
			buildSettings = {
				BUNDLE_LOADER = "$(TEST_HOST)";
				DEVELOPMENT_TEAM = TPXMNBN2HM;
				INFOPLIST_FILE = DrawTriangleTests/Info.plist;
				LD_RUNPATH_SEARCH_PATHS = "$(inherited) @executable_path/Frameworks @loader_path/Frameworks";
				PRODUCT_BUNDLE_IDENTIFIER = com.lonch.DrawTriangleTests;
				PRODUCT_NAME = "$(TARGET_NAME)";
				TEST_HOST = "$(BUILT_PRODUCTS_DIR)/DrawTriangle.app/DrawTriangle";
			};
			name = Debug;
		};
		472CC2D21EA3C57100970815 /* Release */ = {
			isa = XCBuildConfiguration;
			buildSettings = {
				BUNDLE_LOADER = "$(TEST_HOST)";
				DEVELOPMENT_TEAM = TPXMNBN2HM;
				INFOPLIST_FILE = DrawTriangleTests/Info.plist;
				LD_RUNPATH_SEARCH_PATHS = "$(inherited) @executable_path/Frameworks @loader_path/Frameworks";
				PRODUCT_BUNDLE_IDENTIFIER = com.lonch.DrawTriangleTests;
				PRODUCT_NAME = "$(TARGET_NAME)";
				TEST_HOST = "$(BUILT_PRODUCTS_DIR)/DrawTriangle.app/DrawTriangle";
			};
			name = Release;
		};
		472CC2D41EA3C57100970815 /* Debug */ = {
			isa = XCBuildConfiguration;
			buildSettings = {
				DEVELOPMENT_TEAM = TPXMNBN2HM;
				INFOPLIST_FILE = DrawTriangleUITests/Info.plist;
				LD_RUNPATH_SEARCH_PATHS = "$(inherited) @executable_path/Frameworks @loader_path/Frameworks";
				PRODUCT_BUNDLE_IDENTIFIER = com.lonch.DrawTriangleUITests;
				PRODUCT_NAME = "$(TARGET_NAME)";
				TEST_TARGET_NAME = DrawTriangle;
			};
			name = Debug;
		};
		472CC2D51EA3C57100970815 /* Release */ = {
			isa = XCBuildConfiguration;
			buildSettings = {
				DEVELOPMENT_TEAM = TPXMNBN2HM;
				INFOPLIST_FILE = DrawTriangleUITests/Info.plist;
				LD_RUNPATH_SEARCH_PATHS = "$(inherited) @executable_path/Frameworks @loader_path/Frameworks";
				PRODUCT_BUNDLE_IDENTIFIER = com.lonch.DrawTriangleUITests;
				PRODUCT_NAME = "$(TARGET_NAME)";
				TEST_TARGET_NAME = DrawTriangle;
			};
			name = Release;
		};
/* End XCBuildConfiguration section */

/* Begin XCConfigurationList section */
		472CC29B1EA3C57100970815 /* Build configuration list for PBXProject "DrawTriangle" */ = {
			isa = XCConfigurationList;
			buildConfigurations = (
				472CC2CB1EA3C57100970815 /* Debug */,
				472CC2CC1EA3C57100970815 /* Release */,
			);
			defaultConfigurationIsVisible = 0;
			defaultConfigurationName = Release;
		};
		472CC2CD1EA3C57100970815 /* Build configuration list for PBXNativeTarget "DrawTriangle" */ = {
			isa = XCConfigurationList;
			buildConfigurations = (
				472CC2CE1EA3C57100970815 /* Debug */,
				472CC2CF1EA3C57100970815 /* Release */,
			);
			defaultConfigurationIsVisible = 0;
			defaultConfigurationName = Release;
		};
		472CC2D01EA3C57100970815 /* Build configuration list for PBXNativeTarget "DrawTriangleTests" */ = {
			isa = XCConfigurationList;
			buildConfigurations = (
				472CC2D11EA3C57100970815 /* Debug */,
				472CC2D21EA3C57100970815 /* Release */,
			);
			defaultConfigurationIsVisible = 0;
			defaultConfigurationName = Release;
		};
		472CC2D31EA3C57100970815 /* Build configuration list for PBXNativeTarget "DrawTriangleUITests" */ = {
			isa = XCConfigurationList;
			buildConfigurations = (
				472CC2D41EA3C57100970815 /* Debug */,
				472CC2D51EA3C57100970815 /* Release */,
			);
			defaultConfigurationIsVisible = 0;
			defaultConfigurationName = Release;
		};
/* End XCConfigurationList section */
	};
	rootObject = 472CC2981EA3C57100970815 /* Project object */;
}
